
Microsoft Visual Studio Solution File, Format Version 12.00
# Visual Studio Version 17
VisualStudioVersion = 17.8.34322.80
MinimumVisualStudioVersion = 10.0.40219.1
Project("{9A19103F-16F7-4668-BE54-9A1E7A4F7556}") = "TaxaPrisWebApp", "TaxaPrisWebApp\TaxaPrisWebApp.csproj", "{232F0208-3A80-4E6B-A8B8-DADDB0EF7F5E}"
EndProject
Global
	GlobalSection(SolutionConfigurationPlatforms) = preSolution
		Debug|Any CPU = Debug|Any CPU
		Release|Any CPU = Release|Any CPU
	EndGlobalSection
	GlobalSection(ProjectConfigurationPlatforms) = postSolution
		{232F0208-3A80-4E6B-A8B8-DADDB0EF7F5E}.Debug|Any CPU.ActiveCfg = Debug|Any CPU
		{232F0208-3A80-4E6B-A8B8-DADDB0EF7F5E}.Debug|Any CPU.Build.0 = Debug|Any CPU
		{232F0208-3A80-4E6B-A8B8-DADDB0EF7F5E}.Release|Any CPU.ActiveCfg = Release|Any CPU
		{232F0208-3A80-4E6B-A8B8-DADDB0EF7F5E}.Release|Any CPU.Build.0 = Release|Any CPU
	EndGlobalSection
	GlobalSection(SolutionProperties) = preSolution
		HideSolutionNode = FALSE
	EndGlobalSection
	GlobalSection(ExtensibilityGlobals) = postSolution
		SolutionGuid = {826C1C45-57F5-468F-8F41-040A0AB4C170}
	EndGlobalSection
EndGlobal
